# This file is automatically @generated by Cargo.
# It is not intended for manual editing.
version = 3

[[package]]
name = "bytes"
version = "1.9.0"
source = "registry+https://github.com/rust-lang/crates.io-index"
checksum = "325918d6fe32f23b19878fe4b34794ae41fc19ddbe53b10571a4874d44ffd39b"

[[package]]
name = "fnv"
version = "1.0.7"
source = "registry+https://github.com/rust-lang/crates.io-index"
checksum = "3f9eec918d3f24069decb9af1554cad7c880e2da24a9afd88aca000531ab82c1"

[[package]]
name = "http"
version = "1.1.0"
source = "registry+https://github.com/rust-lang/crates.io-index"
checksum = "21b9ddb458710bc376481b842f5da65cdf31522de232c1ca8146abce2a358258"
dependencies = [
 "bytes",
 "fnv",
 "itoa",
]

[[package]]
name = "itoa"
version = "1.0.14"
source = "registry+https://github.com/rust-lang/crates.io-index"
checksum = "d75a2a4b1b190afb6f5425f10f6a8f959d2ea0b9c2b1d79553551850539e4674"

[[package]]
name = "tower-layer"
version = "0.3.3"
source = "registry+https://github.com/rust-lang/crates.io-index"
checksum = "121c2a6cda46980bb0fcd1647ffaf6cd3fc79a013de288782836f6df9c48780e"

[[package]]
name = "tower-no-ai"
version = "0.2.0"
dependencies = [
 "http",
 "tower-layer",
 "tower-service",
]

[[package]]
name = "tower-service"
version = "0.3.3"
source = "registry+https://github.com/rust-lang/crates.io-index"
checksum = "8df9b6e13f2d32c91b9bd719c00d1958837bc7dec474d94952798cc8e69eeec3"
